
Microsoft Visual Studio Solution File, Format Version 12.00
# Visual Studio Version 17
VisualStudioVersion = 17.8.34525.116
MinimumVisualStudioVersion = 10.0.40219.1
Project("{FAE04EC0-301F-11D3-BF4B-00C04F79EFBC}") = "Kassaaparati", "Kassaaparati\Kassaaparati.csproj", "{06ABCA8D-ADEA-402A-A0E4-42C2317D80C6}"
EndProject
Global
	GlobalSection(SolutionConfigurationPlatforms) = preSolution
		Debug|Any CPU = Debug|Any CPU
		Release|Any CPU = Release|Any CPU
	EndGlobalSection
	GlobalSection(ProjectConfigurationPlatforms) = postSolution
		{06ABCA8D-ADEA-402A-A0E4-42C2317D80C6}.Debug|Any CPU.ActiveCfg = Debug|Any CPU
		{06ABCA8D-ADEA-402A-A0E4-42C2317D80C6}.Debug|Any CPU.Build.0 = Debug|Any CPU
		{06ABCA8D-ADEA-402A-A0E4-42C2317D80C6}.Release|Any CPU.ActiveCfg = Release|Any CPU
		{06ABCA8D-ADEA-402A-A0E4-42C2317D80C6}.Release|Any CPU.Build.0 = Release|Any CPU
	EndGlobalSection
	GlobalSection(SolutionProperties) = preSolution
		HideSolutionNode = FALSE
	EndGlobalSection
	GlobalSection(ExtensibilityGlobals) = postSolution
		SolutionGuid = {1D3468F3-F9D4-4A58-89D4-43DBCA653C31}
	EndGlobalSection
EndGlobal
